
Microsoft Visual Studio Solution File, Format Version 12.00
# Visual Studio 15
VisualStudioVersion = 15.0.28307.902
MinimumVisualStudioVersion = 10.0.40219.1
Project("{8BC9CEB8-8B4A-11D0-8D11-00A0C91BC942}") = "Project1", "Project1\Project1.vcxproj", "{6ECCE4B6-F8EC-4546-BE6A-48A441836E0D}"
EndProject
Global
	GlobalSection(SolutionConfigurationPlatforms) = preSolution
		Debug|x64 = Debug|x64
		Debug|x86 = Debug|x86
		Release|x64 = Release|x64
		Release|x86 = Release|x86
	EndGlobalSection
	GlobalSection(ProjectConfigurationPlatforms) = postSolution
		{6ECCE4B6-F8EC-4546-BE6A-48A441836E0D}.Debug|x64.ActiveCfg = Debug|x64
		{6ECCE4B6-F8EC-4546-BE6A-48A441836E0D}.Debug|x64.Build.0 = Debug|x64
		{6ECCE4B6-F8EC-4546-BE6A-48A441836E0D}.Debug|x86.ActiveCfg = Debug|Win32
		{6ECCE4B6-F8EC-4546-BE6A-48A441836E0D}.Debug|x86.Build.0 = Debug|Win32
		{6ECCE4B6-F8EC-4546-BE6A-48A441836E0D}.Release|x64.ActiveCfg = Release|x64
		{6ECCE4B6-F8EC-4546-BE6A-48A441836E0D}.Release|x64.Build.0 = Release|x64
		{6ECCE4B6-F8EC-4546-BE6A-48A441836E0D}.Release|x86.ActiveCfg = Release|Win32
		{6ECCE4B6-F8EC-4546-BE6A-48A441836E0D}.Release|x86.Build.0 = Release|Win32
	EndGlobalSection
	GlobalSection(SolutionProperties) = preSolution
		HideSolutionNode = FALSE
	EndGlobalSection
	GlobalSection(ExtensibilityGlobals) = postSolution
		SolutionGuid = {62042647-50B9-4366-B72B-EEE2E9EA4DDF}
	EndGlobalSection
EndGlobal
